# This file is automatically @generated by Cargo.
# It is not intended for manual editing.
version = 4

[[package]]
name = "ch01-getting-started"
version = "0.1.0"

[[package]]
name = "ch02-programming-a-guessing-game"
version = "0.1.0"

[[package]]
name = "ch03-common-programming-concepts"
version = "0.1.0"

[[package]]
name = "ch04-understanding-ownership"
version = "0.1.0"

[[package]]
name = "ch05-using-structs-to-structure-related-data"
version = "0.1.0"

[[package]]
name = "ch06-enums-and-pattern-matching"
version = "0.1.0"

[[package]]
name = "ch07-packages-crates-and-modules"
version = "0.1.0"

[[package]]
name = "ch08-common-collections"
version = "0.1.0"

[[package]]
name = "ch09-error-handling"
version = "0.1.0"

[[package]]
name = "ch10-generic-types-traits-and-lifetimes"
version = "0.1.0"

[[package]]
name = "ch11-writing-automated-tests"
version = "0.1.0"

[[package]]
name = "ch12-an-io-project-building-a-command-line-program"
version = "0.1.0"

[[package]]
name = "ch13-functional-language-features-iterators-and-closures"
version = "0.1.0"

[[package]]
name = "ch14-more-about-cargo-and-crates-io"
version = "0.1.0"

[[package]]
name = "ch15-smart-pointers"
version = "0.1.0"

[[package]]
name = "ch16-fearless-concurrency"
version = "0.1.0"

[[package]]
name = "ch17-fundamentals-of-asynchronous-programming-async-await-futures-and-streams"
version = "0.1.0"

[[package]]
name = "ch18-object-oriented-programming-features"
version = "0.1.0"

[[package]]
name = "ch19-patterns-and-matching"
version = "0.1.0"

[[package]]
name = "ch20-advanced-features"
version = "0.1.0"

[[package]]
name = "ch21-final-project-building-a-multithreaded-web-server"
version = "0.1.0"
